<?xml version="1.0" encoding="utf-8"?>
<Project ToolsVersion="4.0" xmlns="http://schemas.microsoft.com/developer/msbuild/2003">
  <ItemGroup>
    <Filter Include="Source Files">
      <UniqueIdentifier>{4FC737F1-C7A5-4376-A066-2A32D752A2FF}</UniqueIdentifier>
      <Extensions>cpp;c;cc;cxx;c++;cppm;ixx;def;odl;idl;hpj;bat;asm;asmx</Extensions>
    </Filter>
    <Filter Include="Header Files">
      <UniqueIdentifier>{93995380-89BD-4b04-88EB-625FBE52EBFB}</UniqueIdentifier>
      <Extensions>h;hh;hpp;hxx;h++;hm;inl;inc;ipp;xsd</Extensions>
    </Filter>
    <Filter Include="Source Files\FE">
      <UniqueIdentifier>{da34ec03-a033-447d-b85f-f93d112af774}</UniqueIdentifier>
    </Filter>
    <Filter Include="Source Files\BE">
      <UniqueIdentifier>{16d2b175-5fb1-4926-9595-980e02ed8ab7}</UniqueIdentifier>
    </Filter>
    <Filter Include="Source Files\Models">
      <UniqueIdentifier>{068f9d8d-2d43-4546-a166-d6372bb6c7e1}</UniqueIdentifier>
    </Filter>
    <Filter Include="Header Files\FE">
      <UniqueIdentifier>{b49dfa74-911d-47ea-81eb-846dccfada6d}</UniqueIdentifier>
    </Filter>
    <Filter Include="Header Files\BE">
      <UniqueIdentifier>{63ef41a4-6f0b-407e-92df-c7aeee4dc806}</UniqueIdentifier>
    </Filter>
    <Filter Include="Header Files\Models">
      <UniqueIdentifier>{8689f9c8-d48a-41f0-8dc1-3ca7a1a8d2fc}</UniqueIdentifier>
    </Filter>
    <Filter Include="Header Files\Systems">
      <UniqueIdentifier>{8e955079-411e-4713-bc80-288ac8604e24}</UniqueIdentifier>
    </Filter>
    <Filter Include="Source Files\Systems">
      <UniqueIdentifier>{a14b4ea5-8eee-414d-baf6-925762be6d3b}</UniqueIdentifier>
    </Filter>
    <Filter Include="Header Files\FE\PageOfAdmin">
      <UniqueIdentifier>{a8de80c0-be9b-45ac-88b9-7f2130913ea8}</UniqueIdentifier>
    </Filter>
    <Filter Include="Header Files\FE\PageOfCustomer">
      <UniqueIdentifier>{242c694a-74b0-42ae-9984-184f2e0b7cd5}</UniqueIdentifier>
    </Filter>
    <Filter Include="Source Files\FE\PageOfAdmin">
      <UniqueIdentifier>{62f114ff-be48-4c8d-8e1b-e9f48c3a0bf8}</UniqueIdentifier>
    </Filter>
    <Filter Include="Source Files\FE\PageOfCustomer">
      <UniqueIdentifier>{34132e89-8cf5-4946-a462-e91d07055ea3}</UniqueIdentifier>
    </Filter>
    <Filter Include="Resource Files">
      <UniqueIdentifier>{67DA6AB6-F800-4c08-8B7A-83BB121AAD01}</UniqueIdentifier>
      <Extensions>rc;ico;cur;bmp;dlg;rc2;rct;bin;rgs;gif;jpg;jpeg;jpe;resx;tiff;tif;png;wav;mfcribbon-ms</Extensions>
    </Filter>
  </ItemGroup>
  <ItemGroup>
    <ClCompile Include="main.cpp">
      <Filter>Source Files</Filter>
    </ClCompile>
    <ClCompile Include="color.cpp">
      <Filter>Source Files\Systems</Filter>
    </ClCompile>
    <ClCompile Include="draw.cpp">
      <Filter>Source Files\Systems</Filter>
    </ClCompile>
    <ClCompile Include="inputField.cpp">
      <Filter>Source Files\Systems</Filter>
    </ClCompile>
    <ClCompile Include="keyboard.cpp">
      <Filter>Source Files\Systems</Filter>
    </ClCompile>
    <ClCompile Include="pagingData.cpp">
      <Filter>Source Files\Systems</Filter>
    </ClCompile>
    <ClCompile Include="singleton.cpp">
      <Filter>Source Files\Systems</Filter>
    </ClCompile>
    <ClCompile Include="text.cpp">
      <Filter>Source Files\Systems</Filter>
    </ClCompile>
    <ClCompile Include="windows.cpp">
      <Filter>Source Files\Systems</Filter>
    </ClCompile>
    <ClCompile Include="basePage.cpp">
      <Filter>Source Files\FE</Filter>
    </ClCompile>
    <ClCompile Include="configApp.cpp">
      <Filter>Source Files\Systems</Filter>
    </ClCompile>
    <ClCompile Include="pageSignIn.cpp">
      <Filter>Source Files\FE</Filter>
    </ClCompile>
    <ClCompile Include="pageManageAccount.cpp">
      <Filter>Source Files\FE\PageOfAdmin</Filter>
    </ClCompile>
    <ClCompile Include="pageAdmin.cpp">
      <Filter>Source Files\FE\PageOfAdmin</Filter>
    </ClCompile>
    <ClCompile Include="pageCustomer.cpp">
      <Filter>Source Files\FE\PageOfCustomer</Filter>
    </ClCompile>
    <ClCompile Include="accountModel.cpp">
      <Filter>Source Files\Models</Filter>
    </ClCompile>
    <ClCompile Include="manageAccount.cpp">
      <Filter>Source Files\BE</Filter>
    </ClCompile>
    <ClCompile Include="pageSignUp.cpp">
      <Filter>Source Files\FE\PageOfAdmin</Filter>
    </ClCompile>
    <ClCompile Include="sha256.cpp">
      <Filter>Source Files\Systems</Filter>
    </ClCompile>
    <ClCompile Include="pageForgotPassword.cpp">
      <Filter>Source Files\FE\PageOfAdmin</Filter>
    </ClCompile>
    <ClCompile Include="pageManageWallet.cpp">
      <Filter>Source Files\FE\PageOfAdmin</Filter>
    </ClCompile>
    <ClCompile Include="pageChangePassword.cpp">
      <Filter>Source Files\FE\PageOfCustomer</Filter>
    </ClCompile>
    <ClCompile Include="manageTransaction.cpp">
      <Filter>Source Files\BE</Filter>
    </ClCompile>
    <ClCompile Include="transactionModel.cpp">
      <Filter>Source Files\Models</Filter>
    </ClCompile>
    <ClCompile Include="pagePointTransaction.cpp">
      <Filter>Source Files\FE\PageOfCustomer</Filter>
    </ClCompile>
    <ClCompile Include="pageProfile.cpp">
      <Filter>Source Files\FE\PageOfCustomer</Filter>
    </ClCompile>
    <ClCompile Include="pageHistoryTransaction.cpp">
      <Filter>Source Files\FE\PageOfCustomer</Filter>
    </ClCompile>
    <ClCompile Include="pageUserTransaction.cpp">
      <Filter>Source Files\FE\PageOfAdmin</Filter>
    </ClCompile>
    <ClCompile Include="popupOTP.cpp">
      <Filter>Source Files\FE</Filter>
    </ClCompile>
    <ClCompile Include="backup.cpp">
      <Filter>Source Files\Systems</Filter>
    </ClCompile>
    <ClCompile Include="otpService.cpp">
      <Filter>Source Files\Systems</Filter>
    </ClCompile>
  </ItemGroup>
  <ItemGroup>
    <ClInclude Include="InputField.h">
      <Filter>Header Files\Systems</Filter>
    </ClInclude>
    <ClInclude Include="json.hpp">
      <Filter>Header Files\Systems</Filter>
    </ClInclude>
    <ClInclude Include="mycolor.h">
      <Filter>Header Files\Systems</Filter>
    </ClInclude>
    <ClInclude Include="mydraw.h">
      <Filter>Header Files\Systems</Filter>
    </ClInclude>
    <ClInclude Include="mykeyboard.h">
      <Filter>Header Files\Systems</Filter>
    </ClInclude>
    <ClInclude Include="mywindows.h">
      <Filter>Header Files\Systems</Filter>
    </ClInclude>
    <ClInclude Include="PagingData.h">
      <Filter>Header Files\Systems</Filter>
    </ClInclude>
    <ClInclude Include="Singleton.h">
      <Filter>Header Files\Systems</Filter>
    </ClInclude>
    <ClInclude Include="Text.h">
      <Filter>Header Files\Systems</Filter>
    </ClInclude>
    <ClInclude Include="BasePage.h">
      <Filter>Header Files\FE</Filter>
    </ClInclude>
    <ClInclude Include="ConfigApp.h">
      <Filter>Header Files\Systems</Filter>
    </ClInclude>
    <ClInclude Include="PageSignIn.h">
      <Filter>Header Files\FE</Filter>
    </ClInclude>
    <ClInclude Include="PageManageAccount.h">
      <Filter>Header Files\FE\PageOfAdmin</Filter>
    </ClInclude>
    <ClInclude Include="PageAdmin.h">
      <Filter>Header Files\FE\PageOfAdmin</Filter>
    </ClInclude>
    <ClInclude Include="PageCustomer.h">
      <Filter>Header Files\FE\PageOfCustomer</Filter>
    </ClInclude>
    <ClInclude Include="AccountModel.h">
      <Filter>Header Files\Models</Filter>
    </ClInclude>
    <ClInclude Include="ManageAccount.h">
      <Filter>Header Files\BE</Filter>
    </ClInclude>
    <ClInclude Include="PageSignUp.h">
      <Filter>Header Files\FE\PageOfAdmin</Filter>
    </ClInclude>
    <ClInclude Include="sha256.h">
      <Filter>Header Files\Systems</Filter>
    </ClInclude>
    <ClInclude Include="PageForgotPassword.h">
      <Filter>Header Files\FE\PageOfAdmin</Filter>
    </ClInclude>
    <ClInclude Include="PageManageWallet.h">
      <Filter>Header Files\FE\PageOfAdmin</Filter>
    </ClInclude>
    <ClInclude Include="PageChangePassword.h">
      <Filter>Header Files\FE\PageOfCustomer</Filter>
    </ClInclude>
    <ClInclude Include="manageTransaction.h">
      <Filter>Header Files\BE</Filter>
    </ClInclude>
    <ClInclude Include="transactionModel.h">
      <Filter>Header Files\Models</Filter>
    </ClInclude>
    <ClInclude Include="PagePointTransaction.h">
      <Filter>Header Files\FE\PageOfCustomer</Filter>
    </ClInclude>
    <ClInclude Include="PageProfile.h">
      <Filter>Header Files\FE\PageOfCustomer</Filter>
    </ClInclude>
    <ClInclude Include="PageHistoryTransaction.h">
      <Filter>Header Files\FE\PageOfCustomer</Filter>
    </ClInclude>
    <ClInclude Include="PageUserTransaction.h">
      <Filter>Header Files\FE\PageOfAdmin</Filter>
    </ClInclude>
    <ClInclude Include="PopupOTP.h">
      <Filter>Header Files\FE</Filter>
    </ClInclude>
    <ClInclude Include="backup.h">
      <Filter>Header Files\Systems</Filter>
    </ClInclude>
    <ClInclude Include="otpService.h">
      <Filter>Header Files\Systems</Filter>
    </ClInclude>
  </ItemGroup>
</Project>